
Microsoft Visual Studio Solution File, Format Version 12.00
# Visual Studio Version 17
VisualStudioVersion = 17.1.32228.430
MinimumVisualStudioVersion = 10.0.40219.1
Project("{6EC3EE1D-3C4E-46DD-8F32-0CC8E7565705}") = "App", "App.fsproj", "{538AAF7C-A67A-4A11-B4F9-897A67223039}"
EndProject
Global
	GlobalSection(SolutionConfigurationPlatforms) = preSolution
		Debug|Any CPU = Debug|Any CPU
		Release|Any CPU = Release|Any CPU
	EndGlobalSection
	GlobalSection(ProjectConfigurationPlatforms) = postSolution
		{538AAF7C-A67A-4A11-B4F9-897A67223039}.Debug|Any CPU.ActiveCfg = Debug|Any CPU
		{538AAF7C-A67A-4A11-B4F9-897A67223039}.Debug|Any CPU.Build.0 = Debug|Any CPU
		{538AAF7C-A67A-4A11-B4F9-897A67223039}.Release|Any CPU.ActiveCfg = Release|Any CPU
		{538AAF7C-A67A-4A11-B4F9-897A67223039}.Release|Any CPU.Build.0 = Release|Any CPU
	EndGlobalSection
	GlobalSection(SolutionProperties) = preSolution
		HideSolutionNode = FALSE
	EndGlobalSection
	GlobalSection(ExtensibilityGlobals) = postSolution
		SolutionGuid = {985BC3E2-6187-4BA9-8825-5144A97FA283}
	EndGlobalSection
EndGlobal
